
Microsoft Visual Studio Solution File, Format Version 12.00
# Visual Studio 15
VisualStudioVersion = 15.0.27428.2002
MinimumVisualStudioVersion = 10.0.40219.1
Project("{FAE04EC0-301F-11D3-BF4B-00C04F79EFBC}") = "Chapter23.CustomerInvoices", "Chapter23.CustomerInvoices\Chapter23.CustomerInvoices.csproj", "{EF1A8CFF-FEDA-4083-973C-AF067B583580}"
EndProject
Global
	GlobalSection(SolutionConfigurationPlatforms) = preSolution
		Debug|Any CPU = Debug|Any CPU
		Release|Any CPU = Release|Any CPU
	EndGlobalSection
	GlobalSection(ProjectConfigurationPlatforms) = postSolution
		{EF1A8CFF-FEDA-4083-973C-AF067B583580}.Debug|Any CPU.ActiveCfg = Debug|Any CPU
		{EF1A8CFF-FEDA-4083-973C-AF067B583580}.Debug|Any CPU.Build.0 = Debug|Any CPU
		{EF1A8CFF-FEDA-4083-973C-AF067B583580}.Release|Any CPU.ActiveCfg = Release|Any CPU
		{EF1A8CFF-FEDA-4083-973C-AF067B583580}.Release|Any CPU.Build.0 = Release|Any CPU
	EndGlobalSection
	GlobalSection(SolutionProperties) = preSolution
		HideSolutionNode = FALSE
	EndGlobalSection
	GlobalSection(ExtensibilityGlobals) = postSolution
		SolutionGuid = {3CB603C6-B180-42B5-BBCA-AEBF25871C74}
	EndGlobalSection
EndGlobal
